// !$*UTF8*$!
{
	archiveVersion = 1;
	classes = {
	};
	objectVersion = 46;
	objects = {

/* Begin PBXBuildFile section */
		BEF67303174B51B700CBB354 /* UIKit.framework in Frameworks */ = {isa = PBXBuildFile; fileRef = BEF67302174B51B700CBB354 /* UIKit.framework */; };
		BEF67305174B51B700CBB354 /* Foundation.framework in Frameworks */ = {isa = PBXBuildFile; fileRef = BEF67304174B51B700CBB354 /* Foundation.framework */; };
		BEF67307174B51B700CBB354 /* CoreGraphics.framework in Frameworks */ = {isa = PBXBuildFile; fileRef = BEF67306174B51B700CBB354 /* CoreGraphics.framework */; };
		BEF6730D174B51B700CBB354 /* InfoPlist.strings in Resources */ = {isa = PBXBuildFile; fileRef = BEF6730B174B51B700CBB354 /* InfoPlist.strings */; };
		BEF6730F174B51B700CBB354 /* main.m in Sources */ = {isa = PBXBuildFile; fileRef = BEF6730E174B51B700CBB354 /* main.m */; };
		BEF67313174B51B700CBB354 /* TWAppDelegate.m in Sources */ = {isa = PBXBuildFile; fileRef = BEF67312174B51B700CBB354 /* TWAppDelegate.m */; };
		BEF67315174B51B700CBB354 /* Default.png in Resources */ = {isa = PBXBuildFile; fileRef = BEF67314174B51B700CBB354 /* Default.png */; };
		BEF67317174B51B700CBB354 /* Default@2x.png in Resources */ = {isa = PBXBuildFile; fileRef = BEF67316174B51B700CBB354 /* Default@2x.png */; };
		BEF67319174B51B700CBB354 /* Default-568h@2x.png in Resources */ = {isa = PBXBuildFile; fileRef = BEF67318174B51B700CBB354 /* Default-568h@2x.png */; };
		BEF6731C174B51B700CBB354 /* MainStoryboard.storyboard in Resources */ = {isa = PBXBuildFile; fileRef = BEF6731A174B51B700CBB354 /* MainStoryboard.storyboard */; };
		BEF6731F174B51B700CBB354 /* TWViewController.m in Sources */ = {isa = PBXBuildFile; fileRef = BEF6731E174B51B700CBB354 /* TWViewController.m */; };
/* End PBXBuildFile section */

/* Begin PBXFileReference section */
		BEF672FF174B51B700CBB354 /* Twote.io.app */ = {isa = PBXFileReference; explicitFileType = wrapper.application; includeInIndex = 0; path = Twote.io.app; sourceTree = BUILT_PRODUCTS_DIR; };
		BEF67302174B51B700CBB354 /* UIKit.framework */ = {isa = PBXFileReference; lastKnownFileType = wrapper.framework; name = UIKit.framework; path = System/Library/Frameworks/UIKit.framework; sourceTree = SDKROOT; };
		BEF67304174B51B700CBB354 /* Foundation.framework */ = {isa = PBXFileReference; lastKnownFileType = wrapper.framework; name = Foundation.framework; path = System/Library/Frameworks/Foundation.framework; sourceTree = SDKROOT; };
		BEF67306174B51B700CBB354 /* CoreGraphics.framework */ = {isa = PBXFileReference; lastKnownFileType = wrapper.framework; name = CoreGraphics.framework; path = System/Library/Frameworks/CoreGraphics.framework; sourceTree = SDKROOT; };
		BEF6730A174B51B700CBB354 /* Twote.io-Info.plist */ = {isa = PBXFileReference; lastKnownFileType = text.plist.xml; path = "Twote.io-Info.plist"; sourceTree = "<group>"; };
		BEF6730C174B51B700CBB354 /* en */ = {isa = PBXFileReference; lastKnownFileType = text.plist.strings; name = en; path = en.lproj/InfoPlist.strings; sourceTree = "<group>"; };
		BEF6730E174B51B700CBB354 /* main.m */ = {isa = PBXFileReference; lastKnownFileType = sourcecode.c.objc; path = main.m; sourceTree = "<group>"; };
		BEF67310174B51B700CBB354 /* Twote.io-Prefix.pch */ = {isa = PBXFileReference; lastKnownFileType = sourcecode.c.h; path = "Twote.io-Prefix.pch"; sourceTree = "<group>"; };
		BEF67311174B51B700CBB354 /* TWAppDelegate.h */ = {isa = PBXFileReference; lastKnownFileType = sourcecode.c.h; path = TWAppDelegate.h; sourceTree = "<group>"; };
		BEF67312174B51B700CBB354 /* TWAppDelegate.m */ = {isa = PBXFileReference; lastKnownFileType = sourcecode.c.objc; path = TWAppDelegate.m; sourceTree = "<group>"; };
		BEF67314174B51B700CBB354 /* Default.png */ = {isa = PBXFileReference; lastKnownFileType = image.png; path = Default.png; sourceTree = "<group>"; };
		BEF67316174B51B700CBB354 /* Default@2x.png */ = {isa = PBXFileReference; lastKnownFileType = image.png; path = "Default@2x.png"; sourceTree = "<group>"; };
		BEF67318174B51B700CBB354 /* Default-568h@2x.png */ = {isa = PBXFileReference; lastKnownFileType = image.png; path = "Default-568h@2x.png"; sourceTree = "<group>"; };
		BEF6731B174B51B700CBB354 /* en */ = {isa = PBXFileReference; lastKnownFileType = file.storyboard; name = en; path = en.lproj/MainStoryboard.storyboard; sourceTree = "<group>"; };
		BEF6731D174B51B700CBB354 /* TWViewController.h */ = {isa = PBXFileReference; lastKnownFileType = sourcecode.c.h; path = TWViewController.h; sourceTree = "<group>"; };
		BEF6731E174B51B700CBB354 /* TWViewController.m */ = {isa = PBXFileReference; lastKnownFileType = sourcecode.c.objc; path = TWViewController.m; sourceTree = "<group>"; };
/* End PBXFileReference section */

/* Begin PBXFrameworksBuildPhase section */
		BEF672FC174B51B700CBB354 /* Frameworks */ = {
			isa = PBXFrameworksBuildPhase;
			buildActionMask = 2147483647;
			files = (
				BEF67303174B51B700CBB354 /* UIKit.framework in Frameworks */,
				BEF67305174B51B700CBB354 /* Foundation.framework in Frameworks */,
				BEF67307174B51B700CBB354 /* CoreGraphics.framework in Frameworks */,
			);
			runOnlyForDeploymentPostprocessing = 0;
		};
/* End PBXFrameworksBuildPhase section */

/* Begin PBXGroup section */
		BEF672F6174B51B700CBB354 = {
			isa = PBXGroup;
			children = (
				BEF67308174B51B700CBB354 /* Twote.io */,
				BEF67301174B51B700CBB354 /* Frameworks */,
				BEF67300174B51B700CBB354 /* Products */,
			);
			sourceTree = "<group>";
		};
		BEF67300174B51B700CBB354 /* Products */ = {
			isa = PBXGroup;
			children = (
				BEF672FF174B51B700CBB354 /* Twote.io.app */,
			);
			name = Products;
			sourceTree = "<group>";
		};
		BEF67301174B51B700CBB354 /* Frameworks */ = {
			isa = PBXGroup;
			children = (
				BEF67302174B51B700CBB354 /* UIKit.framework */,
				BEF67304174B51B700CBB354 /* Foundation.framework */,
				BEF67306174B51B700CBB354 /* CoreGraphics.framework */,
			);
			name = Frameworks;
			sourceTree = "<group>";
		};
		BEF67308174B51B700CBB354 /* Twote.io */ = {
			isa = PBXGroup;
			children = (
				BEF67311174B51B700CBB354 /* TWAppDelegate.h */,
				BEF67312174B51B700CBB354 /* TWAppDelegate.m */,
				BEF6731A174B51B700CBB354 /* MainStoryboard.storyboard */,
				BEF6731D174B51B700CBB354 /* TWViewController.h */,
				BEF6731E174B51B700CBB354 /* TWViewController.m */,
				BEF67309174B51B700CBB354 /* Supporting Files */,
			);
			path = Twote.io;
			sourceTree = "<group>";
		};
		BEF67309174B51B700CBB354 /* Supporting Files */ = {
			isa = PBXGroup;
			children = (
				BEF6730A174B51B700CBB354 /* Twote.io-Info.plist */,
				BEF6730B174B51B700CBB354 /* InfoPlist.strings */,
				BEF6730E174B51B700CBB354 /* main.m */,
				BEF67310174B51B700CBB354 /* Twote.io-Prefix.pch */,
				BEF67314174B51B700CBB354 /* Default.png */,
				BEF67316174B51B700CBB354 /* Default@2x.png */,
				BEF67318174B51B700CBB354 /* Default-568h@2x.png */,
			);
			name = "Supporting Files";
			sourceTree = "<group>";
		};
/* End PBXGroup section */

/* Begin PBXNativeTarget section */
		BEF672FE174B51B700CBB354 /* Twote.io */ = {
			isa = PBXNativeTarget;
			buildConfigurationList = BEF67322174B51B700CBB354 /* Build configuration list for PBXNativeTarget "Twote.io" */;
			buildPhases = (
				BEF672FB174B51B700CBB354 /* Sources */,
				BEF672FC174B51B700CBB354 /* Frameworks */,
				BEF672FD174B51B700CBB354 /* Resources */,
			);
			buildRules = (
			);
			dependencies = (
			);
			name = Twote.io;
			productName = Twote.io;
			productReference = BEF672FF174B51B700CBB354 /* Twote.io.app */;
			productType = "com.apple.product-type.application";
		};
/* End PBXNativeTarget section */

/* Begin PBXProject section */
		BEF672F7174B51B700CBB354 /* Project object */ = {
			isa = PBXProject;
			attributes = {
				CLASSPREFIX = TW;
				LastUpgradeCheck = 0460;
				ORGANIZATIONNAME = Twote.io;
			};
			buildConfigurationList = BEF672FA174B51B700CBB354 /* Build configuration list for PBXProject "Twote.io" */;
			compatibilityVersion = "Xcode 3.2";
			developmentRegion = English;
			hasScannedForEncodings = 0;
			knownRegions = (
				en,
			);
			mainGroup = BEF672F6174B51B700CBB354;
			productRefGroup = BEF67300174B51B700CBB354 /* Products */;
			projectDirPath = "";
			projectRoot = "";
			targets = (
				BEF672FE174B51B700CBB354 /* Twote.io */,
			);
		};
/* End PBXProject section */

/* Begin PBXResourcesBuildPhase section */
		BEF672FD174B51B700CBB354 /* Resources */ = {
			isa = PBXResourcesBuildPhase;
			buildActionMask = 2147483647;
			files = (
				BEF6730D174B51B700CBB354 /* InfoPlist.strings in Resources */,
				BEF67315174B51B700CBB354 /* Default.png in Resources */,
				BEF67317174B51B700CBB354 /* Default@2x.png in Resources */,
				BEF67319174B51B700CBB354 /* Default-568h@2x.png in Resources */,
				BEF6731C174B51B700CBB354 /* MainStoryboard.storyboard in Resources */,
			);
			runOnlyForDeploymentPostprocessing = 0;
		};
/* End PBXResourcesBuildPhase section */

/* Begin PBXSourcesBuildPhase section */
		BEF672FB174B51B700CBB354 /* Sources */ = {
			isa = PBXSourcesBuildPhase;
			buildActionMask = 2147483647;
			files = (
				BEF6730F174B51B700CBB354 /* main.m in Sources */,
				BEF67313174B51B700CBB354 /* TWAppDelegate.m in Sources */,
				BEF6731F174B51B700CBB354 /* TWViewController.m in Sources */,
			);
			runOnlyForDeploymentPostprocessing = 0;
		};
/* End PBXSourcesBuildPhase section */

/* Begin PBXVariantGroup section */
		BEF6730B174B51B700CBB354 /* InfoPlist.strings */ = {
			isa = PBXVariantGroup;
			children = (
				BEF6730C174B51B700CBB354 /* en */,
			);
			name = InfoPlist.strings;
			sourceTree = "<group>";
		};
		BEF6731A174B51B700CBB354 /* MainStoryboard.storyboard */ = {
			isa = PBXVariantGroup;
			children = (
				BEF6731B174B51B700CBB354 /* en */,
			);
			name = MainStoryboard.storyboard;
			sourceTree = "<group>";
		};
/* End PBXVariantGroup section */

/* Begin XCBuildConfiguration section */
		BEF67320174B51B700CBB354 /* Debug */ = {
			isa = XCBuildConfiguration;
			buildSettings = {
				ALWAYS_SEARCH_USER_PATHS = NO;
				CLANG_CXX_LANGUAGE_STANDARD = "gnu++0x";
				CLANG_CXX_LIBRARY = "libc++";
				CLANG_ENABLE_OBJC_ARC = YES;
				CLANG_WARN_CONSTANT_CONVERSION = YES;
				CLANG_WARN_EMPTY_BODY = YES;
				CLANG_WARN_ENUM_CONVERSION = YES;
				CLANG_WARN_INT_CONVERSION = YES;
				CLANG_WARN__DUPLICATE_METHOD_MATCH = YES;
				"CODE_SIGN_IDENTITY[sdk=iphoneos*]" = "iPhone Developer";
				COPY_PHASE_STRIP = NO;
				GCC_C_LANGUAGE_STANDARD = gnu99;
				GCC_DYNAMIC_NO_PIC = NO;
				GCC_OPTIMIZATION_LEVEL = 0;
				GCC_PREPROCESSOR_DEFINITIONS = (
					"DEBUG=1",
					"$(inherited)",
				);
				GCC_SYMBOLS_PRIVATE_EXTERN = NO;
				GCC_WARN_ABOUT_RETURN_TYPE = YES;
				GCC_WARN_UNINITIALIZED_AUTOS = YES;
				GCC_WARN_UNUSED_VARIABLE = YES;
				IPHONEOS_DEPLOYMENT_TARGET = 6.1;
				ONLY_ACTIVE_ARCH = YES;
				SDKROOT = iphoneos;
			};
			name = Debug;
		};
		BEF67321174B51B700CBB354 /* Release */ = {
			isa = XCBuildConfiguration;
			buildSettings = {
				ALWAYS_SEARCH_USER_PATHS = NO;
				CLANG_CXX_LANGUAGE_STANDARD = "gnu++0x";
				CLANG_CXX_LIBRARY = "libc++";
				CLANG_ENABLE_OBJC_ARC = YES;
				CLANG_WARN_CONSTANT_CONVERSION = YES;
				CLANG_WARN_EMPTY_BODY = YES;
				CLANG_WARN_ENUM_CONVERSION = YES;
				CLANG_WARN_INT_CONVERSION = YES;
				CLANG_WARN__DUPLICATE_METHOD_MATCH = YES;
				"CODE_SIGN_IDENTITY[sdk=iphoneos*]" = "iPhone Developer";
				COPY_PHASE_STRIP = YES;
				GCC_C_LANGUAGE_STANDARD = gnu99;
				GCC_WARN_ABOUT_RETURN_TYPE = YES;
				GCC_WARN_UNINITIALIZED_AUTOS = YES;
				GCC_WARN_UNUSED_VARIABLE = YES;
				IPHONEOS_DEPLOYMENT_TARGET = 6.1;
				OTHER_CFLAGS = "-DNS_BLOCK_ASSERTIONS=1";
				SDKROOT = iphoneos;
				VALIDATE_PRODUCT = YES;
			};
			name = Release;
		};
		BEF67323174B51B700CBB354 /* Debug */ = {
			isa = XCBuildConfiguration;
			buildSettings = {
				GCC_PRECOMPILE_PREFIX_HEADER = YES;
				GCC_PREFIX_HEADER = "Twote.io/Twote.io-Prefix.pch";
				INFOPLIST_FILE = "Twote.io/Twote.io-Info.plist";
				PRODUCT_NAME = "$(TARGET_NAME)";
				WRAPPER_EXTENSION = app;
			};
			name = Debug;
		};
		BEF67324174B51B700CBB354 /* Release */ = {
			isa = XCBuildConfiguration;
			buildSettings = {
				GCC_PRECOMPILE_PREFIX_HEADER = YES;
				GCC_PREFIX_HEADER = "Twote.io/Twote.io-Prefix.pch";
				INFOPLIST_FILE = "Twote.io/Twote.io-Info.plist";
				PRODUCT_NAME = "$(TARGET_NAME)";
				WRAPPER_EXTENSION = app;
			};
			name = Release;
		};
/* End XCBuildConfiguration section */

/* Begin XCConfigurationList section */
		BEF672FA174B51B700CBB354 /* Build configuration list for PBXProject "Twote.io" */ = {
			isa = XCConfigurationList;
			buildConfigurations = (
				BEF67320174B51B700CBB354 /* Debug */,
				BEF67321174B51B700CBB354 /* Release */,
			);
			defaultConfigurationIsVisible = 0;
			defaultConfigurationName = Release;
		};
		BEF67322174B51B700CBB354 /* Build configuration list for PBXNativeTarget "Twote.io" */ = {
			isa = XCConfigurationList;
			buildConfigurations = (
				BEF67323174B51B700CBB354 /* Debug */,
				BEF67324174B51B700CBB354 /* Release */,
			);
			defaultConfigurationIsVisible = 0;
		};
/* End XCConfigurationList section */
	};
	rootObject = BEF672F7174B51B700CBB354 /* Project object */;
}
